# THIS IS AN AUTOGENERATED FILE. DO NOT EDIT THIS FILE DIRECTLY.
# yarn lockfile v1


card-validator@^7.0.1:
  version "7.0.1"
  resolved "https://registry.yarnpkg.com/card-validator/-/card-validator-7.0.1.tgz#9868d846e6ea59357fdde5c7de78f69066982d11"
  integrity sha512-tpAAf9tPPb++C7R0t0R4Y74YHpRig1f8ZgwXxp01k48DmNexGcdCvhbfhhpkdAFpe0iTptJSejaelLhfzY9Uaw==
  dependencies:
    credit-card-type "^9.0.0"

credit-card-type@^9.0.0:
  version "9.0.0"
  resolved "https://registry.yarnpkg.com/credit-card-type/-/credit-card-type-9.0.0.tgz#484603f142831456a47f56f0bdcd602665060b5e"
  integrity sha512-+q527CIkkF7U26FXS5nFTs0bSlR8MkDaK210WdPpMuJq32M7KDinQA397/D7xt9AYL0JeZn2ikZWvzY4q7riLg==
